
Microsoft Visual Studio Solution File, Format Version 12.00
# Visual Studio Version 17
VisualStudioVersion = 17.6.33829.357
MinimumVisualStudioVersion = 10.0.40219.1
Project("{2150E333-8FDC-42A3-9474-1A3956D46DE8}") = "src", "src", "{48CCA51B-5575-402F-9D3B-7B13D8C889F1}"
EndProject
Project("{2150E333-8FDC-42A3-9474-1A3956D46DE8}") = "tests", "tests", "{C2321C8E-ADA6-47C5-96F7-F4DEC9820929}"
EndProject
Project("{2150E333-8FDC-42A3-9474-1A3956D46DE8}") = "Presentation", "Presentation", "{31012F75-BAD6-4F06-A0E0-A55450B0A131}"
EndProject
Project("{2150E333-8FDC-42A3-9474-1A3956D46DE8}") = "Infrastructure", "Infrastructure", "{A0E0BDEC-FF6A-4F99-8C8C-603B650F0FAC}"
EndProject
Project("{2150E333-8FDC-42A3-9474-1A3956D46DE8}") = "Domain", "Domain", "{D9870961-4C5C-45A2-AC54-41715E3849BB}"
EndProject
Project("{2150E333-8FDC-42A3-9474-1A3956D46DE8}") = "Application", "Application", "{A20E458A-05C6-49CE-8280-3A31B5E023F4}"
EndProject
Project("{9A19103F-16F7-4668-BE54-9A1E7A4F7556}") = "VirtualMind.Exchange.Application.Services", "src\Application\VirtualMind.Exchange.Application.Services\VirtualMind.Exchange.Application.Services.csproj", "{69D6A142-6E88-4B42-A1CB-EAE5F491AFDA}"
EndProject
Project("{9A19103F-16F7-4668-BE54-9A1E7A4F7556}") = "VirtualMind.Exchange.API", "src\Presentation\VirtualMind.Exchange.API\VirtualMind.Exchange.API.csproj", "{E747B709-1A21-427F-8BB4-78E1EA29E240}"
EndProject
Project("{9A19103F-16F7-4668-BE54-9A1E7A4F7556}") = "VirtualMind.Exchange.Domain.Domain", "src\Domain\VirtualMind.Exchange.Domain.Domain\VirtualMind.Exchange.Domain.Domain.csproj", "{FA58AA9F-5DB7-4D21-A396-904494DC599A}"
EndProject
Project("{E53339B2-1760-4266-BCC7-CA923CBCF16C}") = "docker-compose", "docker-compose.dcproj", "{1811D1A0-8EFC-47D8-81C0-88B2946896F6}"
EndProject
Project("{FAE04EC0-301F-11D3-BF4B-00C04F79EFBC}") = "VirtualMind.Exchange.Infrastructure", "src\Infrastructure\VirtualMind.Exchange.Infrastructure\VirtualMind.Exchange.Infrastructure.csproj", "{FFFCA590-07CD-4846-8405-2216A991C1D2}"
EndProject
Project("{FAE04EC0-301F-11D3-BF4B-00C04F79EFBC}") = "VirtualMind.Exchange.Tests.Acceptance", "tests\VirtualMind.Exchange.Tests.Acceptance\VirtualMind.Exchange.Tests.Acceptance.csproj", "{C9AE6E88-55F0-4063-AC73-C9B0C7498B73}"
EndProject
Global
	GlobalSection(SolutionConfigurationPlatforms) = preSolution
		Debug|Any CPU = Debug|Any CPU
		Release|Any CPU = Release|Any CPU
	EndGlobalSection
	GlobalSection(ProjectConfigurationPlatforms) = postSolution
		{69D6A142-6E88-4B42-A1CB-EAE5F491AFDA}.Debug|Any CPU.ActiveCfg = Debug|Any CPU
		{69D6A142-6E88-4B42-A1CB-EAE5F491AFDA}.Debug|Any CPU.Build.0 = Debug|Any CPU
		{69D6A142-6E88-4B42-A1CB-EAE5F491AFDA}.Release|Any CPU.ActiveCfg = Release|Any CPU
		{69D6A142-6E88-4B42-A1CB-EAE5F491AFDA}.Release|Any CPU.Build.0 = Release|Any CPU
		{E747B709-1A21-427F-8BB4-78E1EA29E240}.Debug|Any CPU.ActiveCfg = Debug|Any CPU
		{E747B709-1A21-427F-8BB4-78E1EA29E240}.Debug|Any CPU.Build.0 = Debug|Any CPU
		{E747B709-1A21-427F-8BB4-78E1EA29E240}.Release|Any CPU.ActiveCfg = Release|Any CPU
		{E747B709-1A21-427F-8BB4-78E1EA29E240}.Release|Any CPU.Build.0 = Release|Any CPU
		{FA58AA9F-5DB7-4D21-A396-904494DC599A}.Debug|Any CPU.ActiveCfg = Debug|Any CPU
		{FA58AA9F-5DB7-4D21-A396-904494DC599A}.Debug|Any CPU.Build.0 = Debug|Any CPU
		{FA58AA9F-5DB7-4D21-A396-904494DC599A}.Release|Any CPU.ActiveCfg = Release|Any CPU
		{FA58AA9F-5DB7-4D21-A396-904494DC599A}.Release|Any CPU.Build.0 = Release|Any CPU
		{1811D1A0-8EFC-47D8-81C0-88B2946896F6}.Debug|Any CPU.ActiveCfg = Debug|Any CPU
		{1811D1A0-8EFC-47D8-81C0-88B2946896F6}.Debug|Any CPU.Build.0 = Debug|Any CPU
		{1811D1A0-8EFC-47D8-81C0-88B2946896F6}.Release|Any CPU.ActiveCfg = Release|Any CPU
		{1811D1A0-8EFC-47D8-81C0-88B2946896F6}.Release|Any CPU.Build.0 = Release|Any CPU
		{FFFCA590-07CD-4846-8405-2216A991C1D2}.Debug|Any CPU.ActiveCfg = Debug|Any CPU
		{FFFCA590-07CD-4846-8405-2216A991C1D2}.Debug|Any CPU.Build.0 = Debug|Any CPU
		{FFFCA590-07CD-4846-8405-2216A991C1D2}.Release|Any CPU.ActiveCfg = Release|Any CPU
		{FFFCA590-07CD-4846-8405-2216A991C1D2}.Release|Any CPU.Build.0 = Release|Any CPU
		{C9AE6E88-55F0-4063-AC73-C9B0C7498B73}.Debug|Any CPU.ActiveCfg = Debug|Any CPU
		{C9AE6E88-55F0-4063-AC73-C9B0C7498B73}.Debug|Any CPU.Build.0 = Debug|Any CPU
		{C9AE6E88-55F0-4063-AC73-C9B0C7498B73}.Release|Any CPU.ActiveCfg = Release|Any CPU
		{C9AE6E88-55F0-4063-AC73-C9B0C7498B73}.Release|Any CPU.Build.0 = Release|Any CPU
	EndGlobalSection
	GlobalSection(SolutionProperties) = preSolution
		HideSolutionNode = FALSE
	EndGlobalSection
	GlobalSection(NestedProjects) = preSolution
		{31012F75-BAD6-4F06-A0E0-A55450B0A131} = {48CCA51B-5575-402F-9D3B-7B13D8C889F1}
		{A0E0BDEC-FF6A-4F99-8C8C-603B650F0FAC} = {48CCA51B-5575-402F-9D3B-7B13D8C889F1}
		{D9870961-4C5C-45A2-AC54-41715E3849BB} = {48CCA51B-5575-402F-9D3B-7B13D8C889F1}
		{A20E458A-05C6-49CE-8280-3A31B5E023F4} = {48CCA51B-5575-402F-9D3B-7B13D8C889F1}
		{69D6A142-6E88-4B42-A1CB-EAE5F491AFDA} = {A20E458A-05C6-49CE-8280-3A31B5E023F4}
		{E747B709-1A21-427F-8BB4-78E1EA29E240} = {31012F75-BAD6-4F06-A0E0-A55450B0A131}
		{FA58AA9F-5DB7-4D21-A396-904494DC599A} = {D9870961-4C5C-45A2-AC54-41715E3849BB}
		{FFFCA590-07CD-4846-8405-2216A991C1D2} = {A0E0BDEC-FF6A-4F99-8C8C-603B650F0FAC}
		{C9AE6E88-55F0-4063-AC73-C9B0C7498B73} = {C2321C8E-ADA6-47C5-96F7-F4DEC9820929}
	EndGlobalSection
	GlobalSection(ExtensibilityGlobals) = postSolution
		SolutionGuid = {C8550D81-0414-41EF-BD46-8C9B655851F0}
	EndGlobalSection
EndGlobal
